
Microsoft Visual Studio Solution File, Format Version 12.00
# Visual Studio Version 16
VisualStudioVersion = 16.0.30523.141
MinimumVisualStudioVersion = 10.0.40219.1
Project("{FAE04EC0-301F-11D3-BF4B-00C04F79EFBC}") = "LOJA", "LOJA\LOJA.csproj", "{01495D42-7861-4617-B62B-66E61C024053}"
EndProject
Global
	GlobalSection(SolutionConfigurationPlatforms) = preSolution
		Debug|Any CPU = Debug|Any CPU
		Release|Any CPU = Release|Any CPU
	EndGlobalSection
	GlobalSection(ProjectConfigurationPlatforms) = postSolution
		{01495D42-7861-4617-B62B-66E61C024053}.Debug|Any CPU.ActiveCfg = Debug|Any CPU
		{01495D42-7861-4617-B62B-66E61C024053}.Debug|Any CPU.Build.0 = Debug|Any CPU
		{01495D42-7861-4617-B62B-66E61C024053}.Release|Any CPU.ActiveCfg = Release|Any CPU
		{01495D42-7861-4617-B62B-66E61C024053}.Release|Any CPU.Build.0 = Release|Any CPU
	EndGlobalSection
	GlobalSection(SolutionProperties) = preSolution
		HideSolutionNode = FALSE
	EndGlobalSection
	GlobalSection(ExtensibilityGlobals) = postSolution
		SolutionGuid = {04FE2802-78D3-45AC-9532-2C7EC8423F08}
	EndGlobalSection
EndGlobal
